Microsoft Visual Studio Solution File, Format Version 12.00
# Visual Studio 15
VisualStudioVersion = 15.0.26730.12
MinimumVisualStudioVersion = 10.0.40219.1
Project("{2150E333-8FDC-42A3-9474-1A3956D46DE8}") = "src", "src", "{8BFDA83B-FD73-4776-9C2C-5F7FFE440C1F}"
EndProject
Project("{9A19103F-16F7-4668-BE54-9A1E7A4F7556}") = "Host", "src\Host\Host.csproj", "{9E9EE58E-4B98-4495-8E8B-00281B3EABDA}"
EndProject
Project("{9A19103F-16F7-4668-BE54-9A1E7A4F7556}") = "HostMigrations", "src\HostMigrations\HostMigrations.csproj", "{741BFC8D-46F6-4D66-991B-7BBAFA9DF402}"
EndProject
Project("{2150E333-8FDC-42A3-9474-1A3956D46DE8}") = "test", "test", "{5120DAB8-CDF7-4628-8CFD-8A56E69F1F00}"
EndProject
Project("{9A19103F-16F7-4668-BE54-9A1E7A4F7556}") = "IdentityServer4.EF6.UnitTests", "test\IdentityServer4.EF6.UnitTests\IdentityServer4.EF6.UnitTests.csproj", "{187A80BC-C18B-458A-B068-EC24A34EE24A}"
EndProject
Project("{9A19103F-16F7-4668-BE54-9A1E7A4F7556}") = "IdentityServer4.EF6", "src\IdentityServer4.EF6\IdentityServer4.EF6.csproj", "{90CCD7BA-94FF-4390-845F-53A21B063096}"
EndProject
Project("{9A19103F-16F7-4668-BE54-9A1E7A4F7556}") = "IdentityServer4.EF6.IntegrationTests", "test\IdentityServer4.EF6.IntegrationTests\IdentityServer4.EF6.IntegrationTests.csproj", "{65810CD2-2236-430D-ACD3-3E4871A56089}"
EndProject
Project("{9A19103F-16F7-4668-BE54-9A1E7A4F7556}") = "HostMigrations.SqlServerLocalDb", "src\HostMigrations.SqlServerLocalDb\HostMigrations.SqlServerLocalDb.csproj", "{739495A3-83C5-4634-B5FA-C458026E5931}"
EndProject
Project("{FAE04EC0-301F-11D3-BF4B-00C04F79EFBC}") = "HostMigrations.Oracle", "src\HostMigrations.Oracle\HostMigrations.Oracle.csproj", "{DCBAFEA9-6D29-468D-915D-23B5342F5FD5}"
EndProject
Global
	GlobalSection(SolutionConfigurationPlatforms) = preSolution
		Debug|Any CPU = Debug|Any CPU
		Release|Any CPU = Release|Any CPU
	EndGlobalSection
	GlobalSection(ProjectConfigurationPlatforms) = postSolution
		{9E9EE58E-4B98-4495-8E8B-00281B3EABDA}.Debug|Any CPU.ActiveCfg = Debug|Any CPU
		{9E9EE58E-4B98-4495-8E8B-00281B3EABDA}.Debug|Any CPU.Build.0 = Debug|Any CPU
		{9E9EE58E-4B98-4495-8E8B-00281B3EABDA}.Release|Any CPU.ActiveCfg = Release|Any CPU
		{9E9EE58E-4B98-4495-8E8B-00281B3EABDA}.Release|Any CPU.Build.0 = Release|Any CPU
		{741BFC8D-46F6-4D66-991B-7BBAFA9DF402}.Debug|Any CPU.ActiveCfg = Debug|Any CPU
		{741BFC8D-46F6-4D66-991B-7BBAFA9DF402}.Debug|Any CPU.Build.0 = Debug|Any CPU
		{741BFC8D-46F6-4D66-991B-7BBAFA9DF402}.Release|Any CPU.ActiveCfg = Release|Any CPU
		{741BFC8D-46F6-4D66-991B-7BBAFA9DF402}.Release|Any CPU.Build.0 = Release|Any CPU
		{187A80BC-C18B-458A-B068-EC24A34EE24A}.Debug|Any CPU.ActiveCfg = Debug|Any CPU
		{187A80BC-C18B-458A-B068-EC24A34EE24A}.Debug|Any CPU.Build.0 = Debug|Any CPU
		{187A80BC-C18B-458A-B068-EC24A34EE24A}.Release|Any CPU.ActiveCfg = Release|Any CPU
		{187A80BC-C18B-458A-B068-EC24A34EE24A}.Release|Any CPU.Build.0 = Release|Any CPU
		{90CCD7BA-94FF-4390-845F-53A21B063096}.Debug|Any CPU.ActiveCfg = Debug|Any CPU
		{90CCD7BA-94FF-4390-845F-53A21B063096}.Debug|Any CPU.Build.0 = Debug|Any CPU
		{90CCD7BA-94FF-4390-845F-53A21B063096}.Release|Any CPU.ActiveCfg = Release|Any CPU
		{90CCD7BA-94FF-4390-845F-53A21B063096}.Release|Any CPU.Build.0 = Release|Any CPU
		{65810CD2-2236-430D-ACD3-3E4871A56089}.Debug|Any CPU.ActiveCfg = Debug|Any CPU
		{65810CD2-2236-430D-ACD3-3E4871A56089}.Debug|Any CPU.Build.0 = Debug|Any CPU
		{65810CD2-2236-430D-ACD3-3E4871A56089}.Release|Any CPU.ActiveCfg = Release|Any CPU
		{65810CD2-2236-430D-ACD3-3E4871A56089}.Release|Any CPU.Build.0 = Release|Any CPU
		{739495A3-83C5-4634-B5FA-C458026E5931}.Debug|Any CPU.ActiveCfg = Debug|Any CPU
		{739495A3-83C5-4634-B5FA-C458026E5931}.Debug|Any CPU.Build.0 = Debug|Any CPU
		{739495A3-83C5-4634-B5FA-C458026E5931}.Release|Any CPU.ActiveCfg = Release|Any CPU
		{739495A3-83C5-4634-B5FA-C458026E5931}.Release|Any CPU.Build.0 = Release|Any CPU
		{DCBAFEA9-6D29-468D-915D-23B5342F5FD5}.Debug|Any CPU.ActiveCfg = Debug|Any CPU
		{DCBAFEA9-6D29-468D-915D-23B5342F5FD5}.Debug|Any CPU.Build.0 = Debug|Any CPU
		{DCBAFEA9-6D29-468D-915D-23B5342F5FD5}.Release|Any CPU.ActiveCfg = Release|Any CPU
		{DCBAFEA9-6D29-468D-915D-23B5342F5FD5}.Release|Any CPU.Build.0 = Release|Any CPU
	EndGlobalSection
	GlobalSection(SolutionProperties) = preSolution
		HideSolutionNode = FALSE
	EndGlobalSection
	GlobalSection(NestedProjects) = preSolution
		{9E9EE58E-4B98-4495-8E8B-00281B3EABDA} = {8BFDA83B-FD73-4776-9C2C-5F7FFE440C1F}
		{741BFC8D-46F6-4D66-991B-7BBAFA9DF402} = {8BFDA83B-FD73-4776-9C2C-5F7FFE440C1F}
		{187A80BC-C18B-458A-B068-EC24A34EE24A} = {5120DAB8-CDF7-4628-8CFD-8A56E69F1F00}
		{90CCD7BA-94FF-4390-845F-53A21B063096} = {8BFDA83B-FD73-4776-9C2C-5F7FFE440C1F}
		{65810CD2-2236-430D-ACD3-3E4871A56089} = {5120DAB8-CDF7-4628-8CFD-8A56E69F1F00}
		{739495A3-83C5-4634-B5FA-C458026E5931} = {8BFDA83B-FD73-4776-9C2C-5F7FFE440C1F}
		{DCBAFEA9-6D29-468D-915D-23B5342F5FD5} = {8BFDA83B-FD73-4776-9C2C-5F7FFE440C1F}
	EndGlobalSection
	GlobalSection(ExtensibilityGlobals) = postSolution
		SolutionGuid = {A023D63E-FDD1-4984-9746-45981BCFBACA}
	EndGlobalSection
EndGlobal
